
Microsoft Visual Studio Solution File, Format Version 12.00
# Visual Studio Version 16
VisualStudioVersion = 16.0.31702.278
MinimumVisualStudioVersion = 10.0.40219.1
Project("{FAE04EC0-301F-11D3-BF4B-00C04F79EFBC}") = "21_09_25_02 变量的存储以及变量的几种类型", "21_09_25_02 变量的存储以及变量的几种类型\21_09_25_02 变量的存储以及变量的几种类型.csproj", "{AF6C56E2-1D69-4576-8E86-D8FBC0ECF05F}"
EndProject
Project("{FAE04EC0-301F-11D3-BF4B-00C04F79EFBC}") = "21_09_25_03 变量的使用规则", "21_09_25_03 变量的使用规则\21_09_25_03 变量的使用规则.csproj", "{7407EB2A-4696-46E7-834E-66E4CAD9B337}"
EndProject
Project("{FAE04EC0-301F-11D3-BF4B-00C04F79EFBC}") = "21_09_21_01 第一个C#程序", "21_09_21_01 第一个C#程序\21_09_21_01 第一个C#程序.csproj", "{90D18079-1B8A-41A0-AE25-88D9574A58CC}"
EndProject
Project("{FAE04EC0-301F-11D3-BF4B-00C04F79EFBC}") = "21_09_25_01 常用快捷键", "21_09_25_01 常用快捷键\21_09_25_01 常用快捷键.csproj", "{1B7C93DA-25BB-4BF6-AD45-73DDACA479A7}"
EndProject
Project("{FAE04EC0-301F-11D3-BF4B-00C04F79EFBC}") = "21_09_25_04 变量的命名规范", "21_09_25_04 变量的命名规范\21_09_25_04 变量的命名规范.csproj", "{AC9F0820-F67E-46DA-A9E7-24561F36085A}"
EndProject
Project("{FAE04EC0-301F-11D3-BF4B-00C04F79EFBC}") = "21_09_25_05 赋值运算符", "21_09_25_05 赋值运算符\21_09_25_05 赋值运算符.csproj", "{77943C14-26F5-405C-900A-FFED6B0E2E41}"
EndProject
Project("{FAE04EC0-301F-11D3-BF4B-00C04F79EFBC}") = "21_09_25_06 +号的使用", "21_09_25_06 +号的使用\21_09_25_06 +号的使用.csproj", "{EC1CC889-752B-43EF-9D33-4C5EFA64D2ED}"
EndProject
Project("{FAE04EC0-301F-11D3-BF4B-00C04F79EFBC}") = "21_09_27_01 占位符的使用", "21_09_27_01 占位符的使用\21_09_27_01 占位符的使用.csproj", "{B3967328-2F39-4A3E-9187-11398EAF1DFF}"
EndProject
Project("{FAE04EC0-301F-11D3-BF4B-00C04F79EFBC}") = "21_09_27_02 占位符练习", "21_09_27_02 占位符练习\21_09_27_02 占位符练习.csproj", "{40E0C9F3-387B-4B53-B67B-29103313E3FC}"
EndProject
Project("{FAE04EC0-301F-11D3-BF4B-00C04F79EFBC}") = "21_09_27_03 交换变量", "21_09_27_03 交换变量\21_09_27_03 交换变量.csproj", "{DD934798-5017-47D9-8BEC-6C30D32592D0}"
EndProject
Project("{FAE04EC0-301F-11D3-BF4B-00C04F79EFBC}") = "21_09_28_01 接收用户的输入", "21_09_28_01 接收用户的输入\21_09_28_01 接收用户的输入.csproj", "{001069AF-CC15-4C0F-8D05-CD9416CA1E46}"
EndProject
Project("{FAE04EC0-301F-11D3-BF4B-00C04F79EFBC}") = "21_09_28_02 接收用户的输入练习", "21_09_28_02 接收用户的输入练习\21_09_28_02 接收用户的输入练习.csproj", "{B01D53B8-FC14-4FF8-98CC-490B6332FD96}"
EndProject
Project("{FAE04EC0-301F-11D3-BF4B-00C04F79EFBC}") = "21_09_28_03 转义符和@符号的作用", "21_09_28_03 转义符和@符号的作用\21_09_28_03 转义符和@符号的作用.csproj", "{602A28A8-CB3D-412E-9CEC-1A203A5C12FE}"
EndProject
Project("{FAE04EC0-301F-11D3-BF4B-00C04F79EFBC}") = "21_09_29_01 算数运算符", "21_09_29_01 算数运算符\21_09_29_01 算数运算符.csproj", "{C56659A6-B1C0-4791-B7D8-C6A24455D573}"
EndProject
Project("{FAE04EC0-301F-11D3-BF4B-00C04F79EFBC}") = "21_09_30_01 算数运算符练习", "21_09_30_01 算数运算符练习\21_09_30_01 算数运算符练习.csproj", "{43565051-2228-455B-8FF8-E25CC87321D7}"
EndProject
Project("{FAE04EC0-301F-11D3-BF4B-00C04F79EFBC}") = "21_10_01_01 显式类型转换和隐式类型转换", "21_10_01_01 显式类型转换和隐式类型转换\21_10_01_01 显式类型转换和隐式类型转换.csproj", "{6F2DA18B-D1D4-417F-862D-1E3031E8A4EB}"
EndProject
Project("{FAE04EC0-301F-11D3-BF4B-00C04F79EFBC}") = "21_10_01_02 阶段性练习", "21_10_01_02 阶段性练习\21_10_01_02 阶段性练习.csproj", "{259C8433-1F6D-4A56-B680-7B9EE222BA8E}"
EndProject
Project("{FAE04EC0-301F-11D3-BF4B-00C04F79EFBC}") = "21_09_25_07 阶段性练习", "21_09_25_07 阶段性练习\21_09_25_07 阶段性练习.csproj", "{686D57B7-B53B-44F8-A62C-2F4BF193A5B1}"
EndProject
Project("{FAE04EC0-301F-11D3-BF4B-00C04F79EFBC}") = "21_10_02_01 Convert类型转换", "21_10_02_01 Convert类型转换\21_10_02_01 Convert类型转换.csproj", "{C512DEE4-DB5B-4911-8059-360F1591D90D}"
EndProject
Project("{FAE04EC0-301F-11D3-BF4B-00C04F79EFBC}") = "21_10_02_02 加加减减", "21_10_02_02 加加减减\21_10_02_02 加加减减.csproj", "{8D996EA8-9C71-44FF-ACC1-69A39CBE7738}"
EndProject
Project("{FAE04EC0-301F-11D3-BF4B-00C04F79EFBC}") = "21_10_02_03 关系运算符和逻辑运算符", "21_10_02_03 关系运算符和逻辑运算符\21_10_02_03 关系运算符和逻辑运算符.csproj", "{F3C62BB2-72D7-4FDA-B4C3-E0838E42F5A9}"
EndProject
Project("{FAE04EC0-301F-11D3-BF4B-00C04F79EFBC}") = "21_10_03_01 判断闰年练习", "21_10_03_01 判断闰年练习\21_10_03_01 判断闰年练习.csproj", "{C090AA97-CB91-47A5-9EAB-8931470AFA22}"
EndProject
Project("{FAE04EC0-301F-11D3-BF4B-00C04F79EFBC}") = "21_10_03_02 if结构", "21_10_03_02 if结构\21_10_03_02 if结构.csproj", "{1B082FF6-C791-49F7-B474-F444911886F4}"
EndProject
Project("{FAE04EC0-301F-11D3-BF4B-00C04F79EFBC}") = "21_10_03_03 if结构练习", "21_10_03_03 if结构练习\21_10_03_03 if结构练习.csproj", "{4ED74526-8C07-4068-81E1-4AFA48E9E415}"
EndProject
Project("{FAE04EC0-301F-11D3-BF4B-00C04F79EFBC}") = "21_10_03_04 if-else结构", "21_10_03_04 if-else结构\21_10_03_04 if-else结构.csproj", "{8F399BE0-0769-4FAE-B985-21FEA043474F}"
EndProject
Project("{FAE04EC0-301F-11D3-BF4B-00C04F79EFBC}") = "21_10_03_05 if else-if结构", "21_10_03_05 if else-if结构\21_10_03_05 if else-if结构.csproj", "{39FC49A2-D3CF-4773-A6AF-5FF285367363}"
EndProject
Project("{FAE04EC0-301F-11D3-BF4B-00C04F79EFBC}") = "21_10_04_01 阶段性练习", "21_10_04_01 阶段性练习\21_10_04_01 阶段性练习.csproj", "{C422E46B-215B-41FC-AB0C-32AF901CC2B7}"
EndProject
Project("{FAE04EC0-301F-11D3-BF4B-00C04F79EFBC}") = "21_10_04_02 异常捕获", "21_10_04_02 异常捕获\21_10_04_02 异常捕获.csproj", "{821C2F4D-3669-46C6-BDC4-9D966ACB6378}"
EndProject
Project("{FAE04EC0-301F-11D3-BF4B-00C04F79EFBC}") = "21_10_04_03 switch-case结构", "21_10_04_03 switch-case结构\21_10_04_03 switch-case结构.csproj", "{C5476824-F03F-4621-B408-10C3056B2B93}"
EndProject
Project("{FAE04EC0-301F-11D3-BF4B-00C04F79EFBC}") = "21_10_04_04 swtich-case结构练习", "21_10_04_04 swtich-case结构练习\21_10_04_04 swtich-case结构练习.csproj", "{92896D9E-2BDF-4768-A8CB-E5ED949028A0}"
EndProject
Project("{FAE04EC0-301F-11D3-BF4B-00C04F79EFBC}") = "21_10_04_05 判断每个月有多少天练习", "21_10_04_05 判断每个月有多少天练习\21_10_04_05 判断每个月有多少天练习.csproj", "{42FBEDB9-5D93-4911-AC20-9D73CA6D9272}"
EndProject
Project("{FAE04EC0-301F-11D3-BF4B-00C04F79EFBC}") = "21_10_05_01 while循环", "21_10_05_01 while循环\21_10_05_01 while循环.csproj", "{DC0308C9-2164-42D6-8210-972982706706}"
EndProject
Project("{FAE04EC0-301F-11D3-BF4B-00C04F79EFBC}") = "21_10_05_02 break的用法和练习", "21_10_05_02 break的用法和练习\21_10_05_02 break的用法和练习.csproj", "{DA53E9D8-F0BF-4597-BC2D-1966662260B3}"
EndProject
Project("{FAE04EC0-301F-11D3-BF4B-00C04F79EFBC}") = "21_10_06_01 while循环练习", "21_10_06_01 while循环练习\21_10_06_01 while循环练习.csproj", "{11A63780-60C2-46FE-AD54-16189C0660C5}"
EndProject
Project("{FAE04EC0-301F-11D3-BF4B-00C04F79EFBC}") = "21_10_07_01 do-while循环", "21_10_07_01 do-while循环\21_10_07_01 do-while循环.csproj", "{44DC5280-469B-4C43-A448-49B9210A50C4}"
EndProject
Project("{FAE04EC0-301F-11D3-BF4B-00C04F79EFBC}") = "00_00_00_00 代码词典", "00_00_00_00 代码词典\00_00_00_00 代码词典.csproj", "{4FADA718-7EAE-4782-84D7-6EC1F647DADB}"
EndProject
Project("{FAE04EC0-301F-11D3-BF4B-00C04F79EFBC}") = "21_10_07_02 调试", "21_10_07_02 调试\21_10_07_02 调试.csproj", "{386E1367-040F-4B26-B19F-F5DCB7EBC6A3}"
EndProject
Project("{FAE04EC0-301F-11D3-BF4B-00C04F79EFBC}") = "21_10_08_01 for循环", "21_10_08_01 for循环\21_10_08_01 for循环.csproj", "{56613CC3-1227-4B0E-A72D-12B955655C44}"
EndProject
Project("{FAE04EC0-301F-11D3-BF4B-00C04F79EFBC}") = "21_10_08_02 for循环的嵌套", "21_10_08_02 for循环的嵌套\21_10_08_02 for循环的嵌套.csproj", "{ABB4F1B6-59A8-4004-AB2E-2874E78DAEB6}"
EndProject
Project("{FAE04EC0-301F-11D3-BF4B-00C04F79EFBC}") = "21_10_08_03 类型转换", "21_10_08_03 类型转换\21_10_08_03 类型转换.csproj", "{7BDAB91A-07B7-4E9F-9BC7-AB88481C34E8}"
EndProject
Project("{FAE04EC0-301F-11D3-BF4B-00C04F79EFBC}") = "21_10_10_01 Continue和质数", "21_10_10_01 Continue和质数\21_10_10_01 Continue和质数.csproj", "{96195D7B-4E5E-41C6-A472-3737660E5AF4}"
EndProject
Project("{FAE04EC0-301F-11D3-BF4B-00C04F79EFBC}") = "21_10_10_02 三元表达式", "21_10_10_02 三元表达式\21_10_10_02 三元表达式.csproj", "{0640DC9B-FEE7-4303-9337-D672CF4CB90B}"
EndProject
Project("{FAE04EC0-301F-11D3-BF4B-00C04F79EFBC}") = "21_10_10_03 随机数", "21_10_10_03 随机数\21_10_10_03 随机数.csproj", "{3CA2997A-EE9E-426A-B0AD-EBB9FA4DF853}"
EndProject
Project("{FAE04EC0-301F-11D3-BF4B-00C04F79EFBC}") = "21_10_11_01 常量", "21_10_11_01 常量\21_10_11_01 常量.csproj", "{ACF511B1-3A57-4BCA-89EA-8BE20FE7950D}"
EndProject
Project("{FAE04EC0-301F-11D3-BF4B-00C04F79EFBC}") = "21_10_11_02 枚举", "21_10_11_02 枚举\21_10_11_02 枚举.csproj", "{E1E2015D-0B06-40AE-9014-6C00EF4F0179}"
EndProject
Project("{FAE04EC0-301F-11D3-BF4B-00C04F79EFBC}") = "21_10_13_01 枚举类型和string类型以及int类型之间的转换", "21_10_13_01 枚举类型和string类型以及int类型之间的转换\21_10_13_01 枚举类型和string类型以及int类型之间的转换.csproj", "{14CCEA44-FA27-41A5-89B2-5BB6B510963D}"
EndProject
Project("{FAE04EC0-301F-11D3-BF4B-00C04F79EFBC}") = "21_10_16_01 结构", "21_10_16_01 结构\21_10_16_01 结构.csproj", "{8FBBDC6E-F2B1-4283-BB97-8989FC04567E}"
EndProject
Project("{FAE04EC0-301F-11D3-BF4B-00C04F79EFBC}") = "21_10_16_02 数组的定义", "21_10_16_02 数组的定义\21_10_16_02 数组的定义.csproj", "{E638F261-98A3-49BD-BEF9-230AA29F9B76}"
EndProject
Project("{FAE04EC0-301F-11D3-BF4B-00C04F79EFBC}") = "21_10_17_01 计算数组的最大值、最小值、总和和平均值", "21_10_17_01 计算数组的最大值、最小值、总和和平均值\21_10_17_01 计算数组的最大值、最小值、总和和平均值.csproj", "{1B497BEB-26EF-4720-8A33-B4D657870D93}"
EndProject
Project("{FAE04EC0-301F-11D3-BF4B-00C04F79EFBC}") = "21_10_23_01 数组练习", "21_10_23_01 数组练习\21_10_23_01 数组练习.csproj", "{8B46BD03-30B5-441A-A80E-F8D8A4B41532}"
EndProject
Project("{FAE04EC0-301F-11D3-BF4B-00C04F79EFBC}") = "21_10_23_02 冒泡排序", "21_10_23_02 冒泡排序\21_10_23_02 冒泡排序.csproj", "{EE89F87B-F8CD-4A22-A323-BDB2381AF67D}"
EndProject
Project("{FAE04EC0-301F-11D3-BF4B-00C04F79EFBC}") = "21_10_24_03 方法的简介", "21_10_24_03 方法的简介\21_10_24_03 方法的简介.csproj", "{705D74FB-1657-4D3F-9815-A0A41BA085A3}"
EndProject
Global
	GlobalSection(SolutionConfigurationPlatforms) = preSolution
		Debug|Any CPU = Debug|Any CPU
		Debug|x64 = Debug|x64
		Debug|x86 = Debug|x86
		Release|Any CPU = Release|Any CPU
		Release|x64 = Release|x64
		Release|x86 = Release|x86
	EndGlobalSection
	GlobalSection(ProjectConfigurationPlatforms) = postSolution
		{AF6C56E2-1D69-4576-8E86-D8FBC0ECF05F}.Debug|Any CPU.ActiveCfg = Debug|Any CPU
		{AF6C56E2-1D69-4576-8E86-D8FBC0ECF05F}.Debug|Any CPU.Build.0 = Debug|Any CPU
		{AF6C56E2-1D69-4576-8E86-D8FBC0ECF05F}.Debug|x64.ActiveCfg = Debug|Any CPU
		{AF6C56E2-1D69-4576-8E86-D8FBC0ECF05F}.Debug|x64.Build.0 = Debug|Any CPU
		{AF6C56E2-1D69-4576-8E86-D8FBC0ECF05F}.Debug|x86.ActiveCfg = Debug|Any CPU
		{AF6C56E2-1D69-4576-8E86-D8FBC0ECF05F}.Debug|x86.Build.0 = Debug|Any CPU
		{AF6C56E2-1D69-4576-8E86-D8FBC0ECF05F}.Release|Any CPU.ActiveCfg = Release|Any CPU
		{AF6C56E2-1D69-4576-8E86-D8FBC0ECF05F}.Release|Any CPU.Build.0 = Release|Any CPU
		{AF6C56E2-1D69-4576-8E86-D8FBC0ECF05F}.Release|x64.ActiveCfg = Release|Any CPU
		{AF6C56E2-1D69-4576-8E86-D8FBC0ECF05F}.Release|x64.Build.0 = Release|Any CPU
		{AF6C56E2-1D69-4576-8E86-D8FBC0ECF05F}.Release|x86.ActiveCfg = Release|Any CPU
		{AF6C56E2-1D69-4576-8E86-D8FBC0ECF05F}.Release|x86.Build.0 = Release|Any CPU
		{7407EB2A-4696-46E7-834E-66E4CAD9B337}.Debug|Any CPU.ActiveCfg = Debug|Any CPU
		{7407EB2A-4696-46E7-834E-66E4CAD9B337}.Debug|Any CPU.Build.0 = Debug|Any CPU
		{7407EB2A-4696-46E7-834E-66E4CAD9B337}.Debug|x64.ActiveCfg = Debug|Any CPU
		{7407EB2A-4696-46E7-834E-66E4CAD9B337}.Debug|x64.Build.0 = Debug|Any CPU
		{7407EB2A-4696-46E7-834E-66E4CAD9B337}.Debug|x86.ActiveCfg = Debug|Any CPU
		{7407EB2A-4696-46E7-834E-66E4CAD9B337}.Debug|x86.Build.0 = Debug|Any CPU
		{7407EB2A-4696-46E7-834E-66E4CAD9B337}.Release|Any CPU.ActiveCfg = Release|Any CPU
		{7407EB2A-4696-46E7-834E-66E4CAD9B337}.Release|Any CPU.Build.0 = Release|Any CPU
		{7407EB2A-4696-46E7-834E-66E4CAD9B337}.Release|x64.ActiveCfg = Release|Any CPU
		{7407EB2A-4696-46E7-834E-66E4CAD9B337}.Release|x64.Build.0 = Release|Any CPU
		{7407EB2A-4696-46E7-834E-66E4CAD9B337}.Release|x86.ActiveCfg = Release|Any CPU
		{7407EB2A-4696-46E7-834E-66E4CAD9B337}.Release|x86.Build.0 = Release|Any CPU
		{90D18079-1B8A-41A0-AE25-88D9574A58CC}.Debug|Any CPU.ActiveCfg = Debug|Any CPU
		{90D18079-1B8A-41A0-AE25-88D9574A58CC}.Debug|Any CPU.Build.0 = Debug|Any CPU
		{90D18079-1B8A-41A0-AE25-88D9574A58CC}.Debug|x64.ActiveCfg = Debug|Any CPU
		{90D18079-1B8A-41A0-AE25-88D9574A58CC}.Debug|x64.Build.0 = Debug|Any CPU
		{90D18079-1B8A-41A0-AE25-88D9574A58CC}.Debug|x86.ActiveCfg = Debug|Any CPU
		{90D18079-1B8A-41A0-AE25-88D9574A58CC}.Debug|x86.Build.0 = Debug|Any CPU
		{90D18079-1B8A-41A0-AE25-88D9574A58CC}.Release|Any CPU.ActiveCfg = Release|Any CPU
		{90D18079-1B8A-41A0-AE25-88D9574A58CC}.Release|Any CPU.Build.0 = Release|Any CPU
		{90D18079-1B8A-41A0-AE25-88D9574A58CC}.Release|x64.ActiveCfg = Release|Any CPU
		{90D18079-1B8A-41A0-AE25-88D9574A58CC}.Release|x64.Build.0 = Release|Any CPU
		{90D18079-1B8A-41A0-AE25-88D9574A58CC}.Release|x86.ActiveCfg = Release|Any CPU
		{90D18079-1B8A-41A0-AE25-88D9574A58CC}.Release|x86.Build.0 = Release|Any CPU
		{1B7C93DA-25BB-4BF6-AD45-73DDACA479A7}.Debug|Any CPU.ActiveCfg = Debug|Any CPU
		{1B7C93DA-25BB-4BF6-AD45-73DDACA479A7}.Debug|Any CPU.Build.0 = Debug|Any CPU
		{1B7C93DA-25BB-4BF6-AD45-73DDACA479A7}.Debug|x64.ActiveCfg = Debug|Any CPU
		{1B7C93DA-25BB-4BF6-AD45-73DDACA479A7}.Debug|x64.Build.0 = Debug|Any CPU
		{1B7C93DA-25BB-4BF6-AD45-73DDACA479A7}.Debug|x86.ActiveCfg = Debug|Any CPU
		{1B7C93DA-25BB-4BF6-AD45-73DDACA479A7}.Debug|x86.Build.0 = Debug|Any CPU
		{1B7C93DA-25BB-4BF6-AD45-73DDACA479A7}.Release|Any CPU.ActiveCfg = Release|Any CPU
		{1B7C93DA-25BB-4BF6-AD45-73DDACA479A7}.Release|Any CPU.Build.0 = Release|Any CPU
		{1B7C93DA-25BB-4BF6-AD45-73DDACA479A7}.Release|x64.ActiveCfg = Release|Any CPU
		{1B7C93DA-25BB-4BF6-AD45-73DDACA479A7}.Release|x64.Build.0 = Release|Any CPU
		{1B7C93DA-25BB-4BF6-AD45-73DDACA479A7}.Release|x86.ActiveCfg = Release|Any CPU
		{1B7C93DA-25BB-4BF6-AD45-73DDACA479A7}.Release|x86.Build.0 = Release|Any CPU
		{AC9F0820-F67E-46DA-A9E7-24561F36085A}.Debug|Any CPU.ActiveCfg = Debug|Any CPU
		{AC9F0820-F67E-46DA-A9E7-24561F36085A}.Debug|Any CPU.Build.0 = Debug|Any CPU
		{AC9F0820-F67E-46DA-A9E7-24561F36085A}.Debug|x64.ActiveCfg = Debug|Any CPU
		{AC9F0820-F67E-46DA-A9E7-24561F36085A}.Debug|x64.Build.0 = Debug|Any CPU
		{AC9F0820-F67E-46DA-A9E7-24561F36085A}.Debug|x86.ActiveCfg = Debug|Any CPU
		{AC9F0820-F67E-46DA-A9E7-24561F36085A}.Debug|x86.Build.0 = Debug|Any CPU
		{AC9F0820-F67E-46DA-A9E7-24561F36085A}.Release|Any CPU.ActiveCfg = Release|Any CPU
		{AC9F0820-F67E-46DA-A9E7-24561F36085A}.Release|Any CPU.Build.0 = Release|Any CPU
		{AC9F0820-F67E-46DA-A9E7-24561F36085A}.Release|x64.ActiveCfg = Release|Any CPU
		{AC9F0820-F67E-46DA-A9E7-24561F36085A}.Release|x64.Build.0 = Release|Any CPU
		{AC9F0820-F67E-46DA-A9E7-24561F36085A}.Release|x86.ActiveCfg = Release|Any CPU
		{AC9F0820-F67E-46DA-A9E7-24561F36085A}.Release|x86.Build.0 = Release|Any CPU
		{77943C14-26F5-405C-900A-FFED6B0E2E41}.Debug|Any CPU.ActiveCfg = Debug|Any CPU
		{77943C14-26F5-405C-900A-FFED6B0E2E41}.Debug|Any CPU.Build.0 = Debug|Any CPU
		{77943C14-26F5-405C-900A-FFED6B0E2E41}.Debug|x64.ActiveCfg = Debug|Any CPU
		{77943C14-26F5-405C-900A-FFED6B0E2E41}.Debug|x64.Build.0 = Debug|Any CPU
		{77943C14-26F5-405C-900A-FFED6B0E2E41}.Debug|x86.ActiveCfg = Debug|Any CPU
		{77943C14-26F5-405C-900A-FFED6B0E2E41}.Debug|x86.Build.0 = Debug|Any CPU
		{77943C14-26F5-405C-900A-FFED6B0E2E41}.Release|Any CPU.ActiveCfg = Release|Any CPU
		{77943C14-26F5-405C-900A-FFED6B0E2E41}.Release|Any CPU.Build.0 = Release|Any CPU
		{77943C14-26F5-405C-900A-FFED6B0E2E41}.Release|x64.ActiveCfg = Release|Any CPU
		{77943C14-26F5-405C-900A-FFED6B0E2E41}.Release|x64.Build.0 = Release|Any CPU
		{77943C14-26F5-405C-900A-FFED6B0E2E41}.Release|x86.ActiveCfg = Release|Any CPU
		{77943C14-26F5-405C-900A-FFED6B0E2E41}.Release|x86.Build.0 = Release|Any CPU
		{EC1CC889-752B-43EF-9D33-4C5EFA64D2ED}.Debug|Any CPU.ActiveCfg = Debug|Any CPU
		{EC1CC889-752B-43EF-9D33-4C5EFA64D2ED}.Debug|Any CPU.Build.0 = Debug|Any CPU
		{EC1CC889-752B-43EF-9D33-4C5EFA64D2ED}.Debug|x64.ActiveCfg = Debug|Any CPU
		{EC1CC889-752B-43EF-9D33-4C5EFA64D2ED}.Debug|x64.Build.0 = Debug|Any CPU
		{EC1CC889-752B-43EF-9D33-4C5EFA64D2ED}.Debug|x86.ActiveCfg = Debug|Any CPU
		{EC1CC889-752B-43EF-9D33-4C5EFA64D2ED}.Debug|x86.Build.0 = Debug|Any CPU
		{EC1CC889-752B-43EF-9D33-4C5EFA64D2ED}.Release|Any CPU.ActiveCfg = Release|Any CPU
		{EC1CC889-752B-43EF-9D33-4C5EFA64D2ED}.Release|Any CPU.Build.0 = Release|Any CPU
		{EC1CC889-752B-43EF-9D33-4C5EFA64D2ED}.Release|x64.ActiveCfg = Release|Any CPU
		{EC1CC889-752B-43EF-9D33-4C5EFA64D2ED}.Release|x64.Build.0 = Release|Any CPU
		{EC1CC889-752B-43EF-9D33-4C5EFA64D2ED}.Release|x86.ActiveCfg = Release|Any CPU
		{EC1CC889-752B-43EF-9D33-4C5EFA64D2ED}.Release|x86.Build.0 = Release|Any CPU
		{B3967328-2F39-4A3E-9187-11398EAF1DFF}.Debug|Any CPU.ActiveCfg = Debug|Any CPU
		{B3967328-2F39-4A3E-9187-11398EAF1DFF}.Debug|Any CPU.Build.0 = Debug|Any CPU
		{B3967328-2F39-4A3E-9187-11398EAF1DFF}.Debug|x64.ActiveCfg = Debug|Any CPU
		{B3967328-2F39-4A3E-9187-11398EAF1DFF}.Debug|x64.Build.0 = Debug|Any CPU
		{B3967328-2F39-4A3E-9187-11398EAF1DFF}.Debug|x86.ActiveCfg = Debug|Any CPU
		{B3967328-2F39-4A3E-9187-11398EAF1DFF}.Debug|x86.Build.0 = Debug|Any CPU
		{B3967328-2F39-4A3E-9187-11398EAF1DFF}.Release|Any CPU.ActiveCfg = Release|Any CPU
		{B3967328-2F39-4A3E-9187-11398EAF1DFF}.Release|Any CPU.Build.0 = Release|Any CPU
		{B3967328-2F39-4A3E-9187-11398EAF1DFF}.Release|x64.ActiveCfg = Release|Any CPU
		{B3967328-2F39-4A3E-9187-11398EAF1DFF}.Release|x64.Build.0 = Release|Any CPU
		{B3967328-2F39-4A3E-9187-11398EAF1DFF}.Release|x86.ActiveCfg = Release|Any CPU
		{B3967328-2F39-4A3E-9187-11398EAF1DFF}.Release|x86.Build.0 = Release|Any CPU
		{40E0C9F3-387B-4B53-B67B-29103313E3FC}.Debug|Any CPU.ActiveCfg = Debug|Any CPU
		{40E0C9F3-387B-4B53-B67B-29103313E3FC}.Debug|Any CPU.Build.0 = Debug|Any CPU
		{40E0C9F3-387B-4B53-B67B-29103313E3FC}.Debug|x64.ActiveCfg = Debug|Any CPU
		{40E0C9F3-387B-4B53-B67B-29103313E3FC}.Debug|x64.Build.0 = Debug|Any CPU
		{40E0C9F3-387B-4B53-B67B-29103313E3FC}.Debug|x86.ActiveCfg = Debug|Any CPU
		{40E0C9F3-387B-4B53-B67B-29103313E3FC}.Debug|x86.Build.0 = Debug|Any CPU
		{40E0C9F3-387B-4B53-B67B-29103313E3FC}.Release|Any CPU.ActiveCfg = Release|Any CPU
		{40E0C9F3-387B-4B53-B67B-29103313E3FC}.Release|Any CPU.Build.0 = Release|Any CPU
		{40E0C9F3-387B-4B53-B67B-29103313E3FC}.Release|x64.ActiveCfg = Release|Any CPU
		{40E0C9F3-387B-4B53-B67B-29103313E3FC}.Release|x64.Build.0 = Release|Any CPU
		{40E0C9F3-387B-4B53-B67B-29103313E3FC}.Release|x86.ActiveCfg = Release|Any CPU
		{40E0C9F3-387B-4B53-B67B-29103313E3FC}.Release|x86.Build.0 = Release|Any CPU
		{DD934798-5017-47D9-8BEC-6C30D32592D0}.Debug|Any CPU.ActiveCfg = Debug|Any CPU
		{DD934798-5017-47D9-8BEC-6C30D32592D0}.Debug|Any CPU.Build.0 = Debug|Any CPU
		{DD934798-5017-47D9-8BEC-6C30D32592D0}.Debug|x64.ActiveCfg = Debug|Any CPU
		{DD934798-5017-47D9-8BEC-6C30D32592D0}.Debug|x64.Build.0 = Debug|Any CPU
		{DD934798-5017-47D9-8BEC-6C30D32592D0}.Debug|x86.ActiveCfg = Debug|Any CPU
		{DD934798-5017-47D9-8BEC-6C30D32592D0}.Debug|x86.Build.0 = Debug|Any CPU
		{DD934798-5017-47D9-8BEC-6C30D32592D0}.Release|Any CPU.ActiveCfg = Release|Any CPU
		{DD934798-5017-47D9-8BEC-6C30D32592D0}.Release|Any CPU.Build.0 = Release|Any CPU
		{DD934798-5017-47D9-8BEC-6C30D32592D0}.Release|x64.ActiveCfg = Release|Any CPU
		{DD934798-5017-47D9-8BEC-6C30D32592D0}.Release|x64.Build.0 = Release|Any CPU
		{DD934798-5017-47D9-8BEC-6C30D32592D0}.Release|x86.ActiveCfg = Release|Any CPU
		{DD934798-5017-47D9-8BEC-6C30D32592D0}.Release|x86.Build.0 = Release|Any CPU
		{001069AF-CC15-4C0F-8D05-CD9416CA1E46}.Debug|Any CPU.ActiveCfg = Debug|Any CPU
		{001069AF-CC15-4C0F-8D05-CD9416CA1E46}.Debug|Any CPU.Build.0 = Debug|Any CPU
		{001069AF-CC15-4C0F-8D05-CD9416CA1E46}.Debug|x64.ActiveCfg = Debug|Any CPU
		{001069AF-CC15-4C0F-8D05-CD9416CA1E46}.Debug|x64.Build.0 = Debug|Any CPU
		{001069AF-CC15-4C0F-8D05-CD9416CA1E46}.Debug|x86.ActiveCfg = Debug|Any CPU
		{001069AF-CC15-4C0F-8D05-CD9416CA1E46}.Debug|x86.Build.0 = Debug|Any CPU
		{001069AF-CC15-4C0F-8D05-CD9416CA1E46}.Release|Any CPU.ActiveCfg = Release|Any CPU
		{001069AF-CC15-4C0F-8D05-CD9416CA1E46}.Release|Any CPU.Build.0 = Release|Any CPU
		{001069AF-CC15-4C0F-8D05-CD9416CA1E46}.Release|x64.ActiveCfg = Release|Any CPU
		{001069AF-CC15-4C0F-8D05-CD9416CA1E46}.Release|x64.Build.0 = Release|Any CPU
		{001069AF-CC15-4C0F-8D05-CD9416CA1E46}.Release|x86.ActiveCfg = Release|Any CPU
		{001069AF-CC15-4C0F-8D05-CD9416CA1E46}.Release|x86.Build.0 = Release|Any CPU
		{B01D53B8-FC14-4FF8-98CC-490B6332FD96}.Debug|Any CPU.ActiveCfg = Debug|Any CPU
		{B01D53B8-FC14-4FF8-98CC-490B6332FD96}.Debug|Any CPU.Build.0 = Debug|Any CPU
		{B01D53B8-FC14-4FF8-98CC-490B6332FD96}.Debug|x64.ActiveCfg = Debug|Any CPU
		{B01D53B8-FC14-4FF8-98CC-490B6332FD96}.Debug|x64.Build.0 = Debug|Any CPU
		{B01D53B8-FC14-4FF8-98CC-490B6332FD96}.Debug|x86.ActiveCfg = Debug|Any CPU
		{B01D53B8-FC14-4FF8-98CC-490B6332FD96}.Debug|x86.Build.0 = Debug|Any CPU
		{B01D53B8-FC14-4FF8-98CC-490B6332FD96}.Release|Any CPU.ActiveCfg = Release|Any CPU
		{B01D53B8-FC14-4FF8-98CC-490B6332FD96}.Release|Any CPU.Build.0 = Release|Any CPU
		{B01D53B8-FC14-4FF8-98CC-490B6332FD96}.Release|x64.ActiveCfg = Release|Any CPU
		{B01D53B8-FC14-4FF8-98CC-490B6332FD96}.Release|x64.Build.0 = Release|Any CPU
		{B01D53B8-FC14-4FF8-98CC-490B6332FD96}.Release|x86.ActiveCfg = Release|Any CPU
		{B01D53B8-FC14-4FF8-98CC-490B6332FD96}.Release|x86.Build.0 = Release|Any CPU
		{602A28A8-CB3D-412E-9CEC-1A203A5C12FE}.Debug|Any CPU.ActiveCfg = Debug|Any CPU
		{602A28A8-CB3D-412E-9CEC-1A203A5C12FE}.Debug|Any CPU.Build.0 = Debug|Any CPU
		{602A28A8-CB3D-412E-9CEC-1A203A5C12FE}.Debug|x64.ActiveCfg = Debug|Any CPU
		{602A28A8-CB3D-412E-9CEC-1A203A5C12FE}.Debug|x64.Build.0 = Debug|Any CPU
		{602A28A8-CB3D-412E-9CEC-1A203A5C12FE}.Debug|x86.ActiveCfg = Debug|Any CPU
		{602A28A8-CB3D-412E-9CEC-1A203A5C12FE}.Debug|x86.Build.0 = Debug|Any CPU
		{602A28A8-CB3D-412E-9CEC-1A203A5C12FE}.Release|Any CPU.ActiveCfg = Release|Any CPU
		{602A28A8-CB3D-412E-9CEC-1A203A5C12FE}.Release|Any CPU.Build.0 = Release|Any CPU
		{602A28A8-CB3D-412E-9CEC-1A203A5C12FE}.Release|x64.ActiveCfg = Release|Any CPU
		{602A28A8-CB3D-412E-9CEC-1A203A5C12FE}.Release|x64.Build.0 = Release|Any CPU
		{602A28A8-CB3D-412E-9CEC-1A203A5C12FE}.Release|x86.ActiveCfg = Release|Any CPU
		{602A28A8-CB3D-412E-9CEC-1A203A5C12FE}.Release|x86.Build.0 = Release|Any CPU
		{C56659A6-B1C0-4791-B7D8-C6A24455D573}.Debug|Any CPU.ActiveCfg = Debug|Any CPU
		{C56659A6-B1C0-4791-B7D8-C6A24455D573}.Debug|Any CPU.Build.0 = Debug|Any CPU
		{C56659A6-B1C0-4791-B7D8-C6A24455D573}.Debug|x64.ActiveCfg = Debug|Any CPU
		{C56659A6-B1C0-4791-B7D8-C6A24455D573}.Debug|x64.Build.0 = Debug|Any CPU
		{C56659A6-B1C0-4791-B7D8-C6A24455D573}.Debug|x86.ActiveCfg = Debug|Any CPU
		{C56659A6-B1C0-4791-B7D8-C6A24455D573}.Debug|x86.Build.0 = Debug|Any CPU
		{C56659A6-B1C0-4791-B7D8-C6A24455D573}.Release|Any CPU.ActiveCfg = Release|Any CPU
		{C56659A6-B1C0-4791-B7D8-C6A24455D573}.Release|Any CPU.Build.0 = Release|Any CPU
		{C56659A6-B1C0-4791-B7D8-C6A24455D573}.Release|x64.ActiveCfg = Release|Any CPU
		{C56659A6-B1C0-4791-B7D8-C6A24455D573}.Release|x64.Build.0 = Release|Any CPU
		{C56659A6-B1C0-4791-B7D8-C6A24455D573}.Release|x86.ActiveCfg = Release|Any CPU
		{C56659A6-B1C0-4791-B7D8-C6A24455D573}.Release|x86.Build.0 = Release|Any CPU
		{43565051-2228-455B-8FF8-E25CC87321D7}.Debug|Any CPU.ActiveCfg = Debug|Any CPU
		{43565051-2228-455B-8FF8-E25CC87321D7}.Debug|Any CPU.Build.0 = Debug|Any CPU
		{43565051-2228-455B-8FF8-E25CC87321D7}.Debug|x64.ActiveCfg = Debug|Any CPU
		{43565051-2228-455B-8FF8-E25CC87321D7}.Debug|x64.Build.0 = Debug|Any CPU
		{43565051-2228-455B-8FF8-E25CC87321D7}.Debug|x86.ActiveCfg = Debug|Any CPU
		{43565051-2228-455B-8FF8-E25CC87321D7}.Debug|x86.Build.0 = Debug|Any CPU
		{43565051-2228-455B-8FF8-E25CC87321D7}.Release|Any CPU.ActiveCfg = Release|Any CPU
		{43565051-2228-455B-8FF8-E25CC87321D7}.Release|Any CPU.Build.0 = Release|Any CPU
		{43565051-2228-455B-8FF8-E25CC87321D7}.Release|x64.ActiveCfg = Release|Any CPU
		{43565051-2228-455B-8FF8-E25CC87321D7}.Release|x64.Build.0 = Release|Any CPU
		{43565051-2228-455B-8FF8-E25CC87321D7}.Release|x86.ActiveCfg = Release|Any CPU
		{43565051-2228-455B-8FF8-E25CC87321D7}.Release|x86.Build.0 = Release|Any CPU
		{6F2DA18B-D1D4-417F-862D-1E3031E8A4EB}.Debug|Any CPU.ActiveCfg = Debug|Any CPU
		{6F2DA18B-D1D4-417F-862D-1E3031E8A4EB}.Debug|Any CPU.Build.0 = Debug|Any CPU
		{6F2DA18B-D1D4-417F-862D-1E3031E8A4EB}.Debug|x64.ActiveCfg = Debug|Any CPU
		{6F2DA18B-D1D4-417F-862D-1E3031E8A4EB}.Debug|x64.Build.0 = Debug|Any CPU
		{6F2DA18B-D1D4-417F-862D-1E3031E8A4EB}.Debug|x86.ActiveCfg = Debug|Any CPU
		{6F2DA18B-D1D4-417F-862D-1E3031E8A4EB}.Debug|x86.Build.0 = Debug|Any CPU
		{6F2DA18B-D1D4-417F-862D-1E3031E8A4EB}.Release|Any CPU.ActiveCfg = Release|Any CPU
		{6F2DA18B-D1D4-417F-862D-1E3031E8A4EB}.Release|Any CPU.Build.0 = Release|Any CPU
		{6F2DA18B-D1D4-417F-862D-1E3031E8A4EB}.Release|x64.ActiveCfg = Release|Any CPU
		{6F2DA18B-D1D4-417F-862D-1E3031E8A4EB}.Release|x64.Build.0 = Release|Any CPU
		{6F2DA18B-D1D4-417F-862D-1E3031E8A4EB}.Release|x86.ActiveCfg = Release|Any CPU
		{6F2DA18B-D1D4-417F-862D-1E3031E8A4EB}.Release|x86.Build.0 = Release|Any CPU
		{259C8433-1F6D-4A56-B680-7B9EE222BA8E}.Debug|Any CPU.ActiveCfg = Debug|Any CPU
		{259C8433-1F6D-4A56-B680-7B9EE222BA8E}.Debug|Any CPU.Build.0 = Debug|Any CPU
		{259C8433-1F6D-4A56-B680-7B9EE222BA8E}.Debug|x64.ActiveCfg = Debug|Any CPU
		{259C8433-1F6D-4A56-B680-7B9EE222BA8E}.Debug|x64.Build.0 = Debug|Any CPU
		{259C8433-1F6D-4A56-B680-7B9EE222BA8E}.Debug|x86.ActiveCfg = Debug|Any CPU
		{259C8433-1F6D-4A56-B680-7B9EE222BA8E}.Debug|x86.Build.0 = Debug|Any CPU
		{259C8433-1F6D-4A56-B680-7B9EE222BA8E}.Release|Any CPU.ActiveCfg = Release|Any CPU
		{259C8433-1F6D-4A56-B680-7B9EE222BA8E}.Release|Any CPU.Build.0 = Release|Any CPU
		{259C8433-1F6D-4A56-B680-7B9EE222BA8E}.Release|x64.ActiveCfg = Release|Any CPU
		{259C8433-1F6D-4A56-B680-7B9EE222BA8E}.Release|x64.Build.0 = Release|Any CPU
		{259C8433-1F6D-4A56-B680-7B9EE222BA8E}.Release|x86.ActiveCfg = Release|Any CPU
		{259C8433-1F6D-4A56-B680-7B9EE222BA8E}.Release|x86.Build.0 = Release|Any CPU
		{686D57B7-B53B-44F8-A62C-2F4BF193A5B1}.Debug|Any CPU.ActiveCfg = Debug|Any CPU
		{686D57B7-B53B-44F8-A62C-2F4BF193A5B1}.Debug|Any CPU.Build.0 = Debug|Any CPU
		{686D57B7-B53B-44F8-A62C-2F4BF193A5B1}.Debug|x64.ActiveCfg = Debug|Any CPU
		{686D57B7-B53B-44F8-A62C-2F4BF193A5B1}.Debug|x64.Build.0 = Debug|Any CPU
		{686D57B7-B53B-44F8-A62C-2F4BF193A5B1}.Debug|x86.ActiveCfg = Debug|Any CPU
		{686D57B7-B53B-44F8-A62C-2F4BF193A5B1}.Debug|x86.Build.0 = Debug|Any CPU
		{686D57B7-B53B-44F8-A62C-2F4BF193A5B1}.Release|Any CPU.ActiveCfg = Release|Any CPU
		{686D57B7-B53B-44F8-A62C-2F4BF193A5B1}.Release|Any CPU.Build.0 = Release|Any CPU
		{686D57B7-B53B-44F8-A62C-2F4BF193A5B1}.Release|x64.ActiveCfg = Release|Any CPU
		{686D57B7-B53B-44F8-A62C-2F4BF193A5B1}.Release|x64.Build.0 = Release|Any CPU
		{686D57B7-B53B-44F8-A62C-2F4BF193A5B1}.Release|x86.ActiveCfg = Release|Any CPU
		{686D57B7-B53B-44F8-A62C-2F4BF193A5B1}.Release|x86.Build.0 = Release|Any CPU
		{C512DEE4-DB5B-4911-8059-360F1591D90D}.Debug|Any CPU.ActiveCfg = Debug|Any CPU
		{C512DEE4-DB5B-4911-8059-360F1591D90D}.Debug|Any CPU.Build.0 = Debug|Any CPU
		{C512DEE4-DB5B-4911-8059-360F1591D90D}.Debug|x64.ActiveCfg = Debug|Any CPU
		{C512DEE4-DB5B-4911-8059-360F1591D90D}.Debug|x64.Build.0 = Debug|Any CPU
		{C512DEE4-DB5B-4911-8059-360F1591D90D}.Debug|x86.ActiveCfg = Debug|Any CPU
		{C512DEE4-DB5B-4911-8059-360F1591D90D}.Debug|x86.Build.0 = Debug|Any CPU
		{C512DEE4-DB5B-4911-8059-360F1591D90D}.Release|Any CPU.ActiveCfg = Release|Any CPU
		{C512DEE4-DB5B-4911-8059-360F1591D90D}.Release|Any CPU.Build.0 = Release|Any CPU
		{C512DEE4-DB5B-4911-8059-360F1591D90D}.Release|x64.ActiveCfg = Release|Any CPU
		{C512DEE4-DB5B-4911-8059-360F1591D90D}.Release|x64.Build.0 = Release|Any CPU
		{C512DEE4-DB5B-4911-8059-360F1591D90D}.Release|x86.ActiveCfg = Release|Any CPU
		{C512DEE4-DB5B-4911-8059-360F1591D90D}.Release|x86.Build.0 = Release|Any CPU
		{8D996EA8-9C71-44FF-ACC1-69A39CBE7738}.Debug|Any CPU.ActiveCfg = Debug|Any CPU
		{8D996EA8-9C71-44FF-ACC1-69A39CBE7738}.Debug|Any CPU.Build.0 = Debug|Any CPU
		{8D996EA8-9C71-44FF-ACC1-69A39CBE7738}.Debug|x64.ActiveCfg = Debug|Any CPU
		{8D996EA8-9C71-44FF-ACC1-69A39CBE7738}.Debug|x64.Build.0 = Debug|Any CPU
		{8D996EA8-9C71-44FF-ACC1-69A39CBE7738}.Debug|x86.ActiveCfg = Debug|Any CPU
		{8D996EA8-9C71-44FF-ACC1-69A39CBE7738}.Debug|x86.Build.0 = Debug|Any CPU
		{8D996EA8-9C71-44FF-ACC1-69A39CBE7738}.Release|Any CPU.ActiveCfg = Release|Any CPU
		{8D996EA8-9C71-44FF-ACC1-69A39CBE7738}.Release|Any CPU.Build.0 = Release|Any CPU
		{8D996EA8-9C71-44FF-ACC1-69A39CBE7738}.Release|x64.ActiveCfg = Release|Any CPU
		{8D996EA8-9C71-44FF-ACC1-69A39CBE7738}.Release|x64.Build.0 = Release|Any CPU
		{8D996EA8-9C71-44FF-ACC1-69A39CBE7738}.Release|x86.ActiveCfg = Release|Any CPU
		{8D996EA8-9C71-44FF-ACC1-69A39CBE7738}.Release|x86.Build.0 = Release|Any CPU
		{F3C62BB2-72D7-4FDA-B4C3-E0838E42F5A9}.Debug|Any CPU.ActiveCfg = Debug|Any CPU
		{F3C62BB2-72D7-4FDA-B4C3-E0838E42F5A9}.Debug|Any CPU.Build.0 = Debug|Any CPU
		{F3C62BB2-72D7-4FDA-B4C3-E0838E42F5A9}.Debug|x64.ActiveCfg = Debug|Any CPU
		{F3C62BB2-72D7-4FDA-B4C3-E0838E42F5A9}.Debug|x64.Build.0 = Debug|Any CPU
		{F3C62BB2-72D7-4FDA-B4C3-E0838E42F5A9}.Debug|x86.ActiveCfg = Debug|Any CPU
		{F3C62BB2-72D7-4FDA-B4C3-E0838E42F5A9}.Debug|x86.Build.0 = Debug|Any CPU
		{F3C62BB2-72D7-4FDA-B4C3-E0838E42F5A9}.Release|Any CPU.ActiveCfg = Release|Any CPU
		{F3C62BB2-72D7-4FDA-B4C3-E0838E42F5A9}.Release|Any CPU.Build.0 = Release|Any CPU
		{F3C62BB2-72D7-4FDA-B4C3-E0838E42F5A9}.Release|x64.ActiveCfg = Release|Any CPU
		{F3C62BB2-72D7-4FDA-B4C3-E0838E42F5A9}.Release|x64.Build.0 = Release|Any CPU
		{F3C62BB2-72D7-4FDA-B4C3-E0838E42F5A9}.Release|x86.ActiveCfg = Release|Any CPU
		{F3C62BB2-72D7-4FDA-B4C3-E0838E42F5A9}.Release|x86.Build.0 = Release|Any CPU
		{C090AA97-CB91-47A5-9EAB-8931470AFA22}.Debug|Any CPU.ActiveCfg = Debug|Any CPU
		{C090AA97-CB91-47A5-9EAB-8931470AFA22}.Debug|Any CPU.Build.0 = Debug|Any CPU
		{C090AA97-CB91-47A5-9EAB-8931470AFA22}.Debug|x64.ActiveCfg = Debug|Any CPU
		{C090AA97-CB91-47A5-9EAB-8931470AFA22}.Debug|x64.Build.0 = Debug|Any CPU
		{C090AA97-CB91-47A5-9EAB-8931470AFA22}.Debug|x86.ActiveCfg = Debug|Any CPU
		{C090AA97-CB91-47A5-9EAB-8931470AFA22}.Debug|x86.Build.0 = Debug|Any CPU
		{C090AA97-CB91-47A5-9EAB-8931470AFA22}.Release|Any CPU.ActiveCfg = Release|Any CPU
		{C090AA97-CB91-47A5-9EAB-8931470AFA22}.Release|Any CPU.Build.0 = Release|Any CPU
		{C090AA97-CB91-47A5-9EAB-8931470AFA22}.Release|x64.ActiveCfg = Release|Any CPU
		{C090AA97-CB91-47A5-9EAB-8931470AFA22}.Release|x64.Build.0 = Release|Any CPU
		{C090AA97-CB91-47A5-9EAB-8931470AFA22}.Release|x86.ActiveCfg = Release|Any CPU
		{C090AA97-CB91-47A5-9EAB-8931470AFA22}.Release|x86.Build.0 = Release|Any CPU
		{1B082FF6-C791-49F7-B474-F444911886F4}.Debug|Any CPU.ActiveCfg = Debug|Any CPU
		{1B082FF6-C791-49F7-B474-F444911886F4}.Debug|Any CPU.Build.0 = Debug|Any CPU
		{1B082FF6-C791-49F7-B474-F444911886F4}.Debug|x64.ActiveCfg = Debug|Any CPU
		{1B082FF6-C791-49F7-B474-F444911886F4}.Debug|x64.Build.0 = Debug|Any CPU
		{1B082FF6-C791-49F7-B474-F444911886F4}.Debug|x86.ActiveCfg = Debug|Any CPU
		{1B082FF6-C791-49F7-B474-F444911886F4}.Debug|x86.Build.0 = Debug|Any CPU
		{1B082FF6-C791-49F7-B474-F444911886F4}.Release|Any CPU.ActiveCfg = Release|Any CPU
		{1B082FF6-C791-49F7-B474-F444911886F4}.Release|Any CPU.Build.0 = Release|Any CPU
		{1B082FF6-C791-49F7-B474-F444911886F4}.Release|x64.ActiveCfg = Release|Any CPU
		{1B082FF6-C791-49F7-B474-F444911886F4}.Release|x64.Build.0 = Release|Any CPU
		{1B082FF6-C791-49F7-B474-F444911886F4}.Release|x86.ActiveCfg = Release|Any CPU
		{1B082FF6-C791-49F7-B474-F444911886F4}.Release|x86.Build.0 = Release|Any CPU
		{4ED74526-8C07-4068-81E1-4AFA48E9E415}.Debug|Any CPU.ActiveCfg = Debug|Any CPU
		{4ED74526-8C07-4068-81E1-4AFA48E9E415}.Debug|Any CPU.Build.0 = Debug|Any CPU
		{4ED74526-8C07-4068-81E1-4AFA48E9E415}.Debug|x64.ActiveCfg = Debug|Any CPU
		{4ED74526-8C07-4068-81E1-4AFA48E9E415}.Debug|x64.Build.0 = Debug|Any CPU
		{4ED74526-8C07-4068-81E1-4AFA48E9E415}.Debug|x86.ActiveCfg = Debug|Any CPU
		{4ED74526-8C07-4068-81E1-4AFA48E9E415}.Debug|x86.Build.0 = Debug|Any CPU
		{4ED74526-8C07-4068-81E1-4AFA48E9E415}.Release|Any CPU.ActiveCfg = Release|Any CPU
		{4ED74526-8C07-4068-81E1-4AFA48E9E415}.Release|Any CPU.Build.0 = Release|Any CPU
		{4ED74526-8C07-4068-81E1-4AFA48E9E415}.Release|x64.ActiveCfg = Release|Any CPU
		{4ED74526-8C07-4068-81E1-4AFA48E9E415}.Release|x64.Build.0 = Release|Any CPU
		{4ED74526-8C07-4068-81E1-4AFA48E9E415}.Release|x86.ActiveCfg = Release|Any CPU
		{4ED74526-8C07-4068-81E1-4AFA48E9E415}.Release|x86.Build.0 = Release|Any CPU
		{8F399BE0-0769-4FAE-B985-21FEA043474F}.Debug|Any CPU.ActiveCfg = Debug|Any CPU
		{8F399BE0-0769-4FAE-B985-21FEA043474F}.Debug|Any CPU.Build.0 = Debug|Any CPU
		{8F399BE0-0769-4FAE-B985-21FEA043474F}.Debug|x64.ActiveCfg = Debug|Any CPU
		{8F399BE0-0769-4FAE-B985-21FEA043474F}.Debug|x64.Build.0 = Debug|Any CPU
		{8F399BE0-0769-4FAE-B985-21FEA043474F}.Debug|x86.ActiveCfg = Debug|Any CPU
		{8F399BE0-0769-4FAE-B985-21FEA043474F}.Debug|x86.Build.0 = Debug|Any CPU
		{8F399BE0-0769-4FAE-B985-21FEA043474F}.Release|Any CPU.ActiveCfg = Release|Any CPU
		{8F399BE0-0769-4FAE-B985-21FEA043474F}.Release|Any CPU.Build.0 = Release|Any CPU
		{8F399BE0-0769-4FAE-B985-21FEA043474F}.Release|x64.ActiveCfg = Release|Any CPU
		{8F399BE0-0769-4FAE-B985-21FEA043474F}.Release|x64.Build.0 = Release|Any CPU
		{8F399BE0-0769-4FAE-B985-21FEA043474F}.Release|x86.ActiveCfg = Release|Any CPU
		{8F399BE0-0769-4FAE-B985-21FEA043474F}.Release|x86.Build.0 = Release|Any CPU
		{39FC49A2-D3CF-4773-A6AF-5FF285367363}.Debug|Any CPU.ActiveCfg = Debug|Any CPU
		{39FC49A2-D3CF-4773-A6AF-5FF285367363}.Debug|Any CPU.Build.0 = Debug|Any CPU
		{39FC49A2-D3CF-4773-A6AF-5FF285367363}.Debug|x64.ActiveCfg = Debug|Any CPU
		{39FC49A2-D3CF-4773-A6AF-5FF285367363}.Debug|x64.Build.0 = Debug|Any CPU
		{39FC49A2-D3CF-4773-A6AF-5FF285367363}.Debug|x86.ActiveCfg = Debug|Any CPU
		{39FC49A2-D3CF-4773-A6AF-5FF285367363}.Debug|x86.Build.0 = Debug|Any CPU
		{39FC49A2-D3CF-4773-A6AF-5FF285367363}.Release|Any CPU.ActiveCfg = Release|Any CPU
		{39FC49A2-D3CF-4773-A6AF-5FF285367363}.Release|Any CPU.Build.0 = Release|Any CPU
		{39FC49A2-D3CF-4773-A6AF-5FF285367363}.Release|x64.ActiveCfg = Release|Any CPU
		{39FC49A2-D3CF-4773-A6AF-5FF285367363}.Release|x64.Build.0 = Release|Any CPU
		{39FC49A2-D3CF-4773-A6AF-5FF285367363}.Release|x86.ActiveCfg = Release|Any CPU
		{39FC49A2-D3CF-4773-A6AF-5FF285367363}.Release|x86.Build.0 = Release|Any CPU
		{C422E46B-215B-41FC-AB0C-32AF901CC2B7}.Debug|Any CPU.ActiveCfg = Debug|Any CPU
		{C422E46B-215B-41FC-AB0C-32AF901CC2B7}.Debug|Any CPU.Build.0 = Debug|Any CPU
		{C422E46B-215B-41FC-AB0C-32AF901CC2B7}.Debug|x64.ActiveCfg = Debug|Any CPU
		{C422E46B-215B-41FC-AB0C-32AF901CC2B7}.Debug|x64.Build.0 = Debug|Any CPU
		{C422E46B-215B-41FC-AB0C-32AF901CC2B7}.Debug|x86.ActiveCfg = Debug|Any CPU
		{C422E46B-215B-41FC-AB0C-32AF901CC2B7}.Debug|x86.Build.0 = Debug|Any CPU
		{C422E46B-215B-41FC-AB0C-32AF901CC2B7}.Release|Any CPU.ActiveCfg = Release|Any CPU
		{C422E46B-215B-41FC-AB0C-32AF901CC2B7}.Release|Any CPU.Build.0 = Release|Any CPU
		{C422E46B-215B-41FC-AB0C-32AF901CC2B7}.Release|x64.ActiveCfg = Release|Any CPU
		{C422E46B-215B-41FC-AB0C-32AF901CC2B7}.Release|x64.Build.0 = Release|Any CPU
		{C422E46B-215B-41FC-AB0C-32AF901CC2B7}.Release|x86.ActiveCfg = Release|Any CPU
		{C422E46B-215B-41FC-AB0C-32AF901CC2B7}.Release|x86.Build.0 = Release|Any CPU
		{821C2F4D-3669-46C6-BDC4-9D966ACB6378}.Debug|Any CPU.ActiveCfg = Debug|Any CPU
		{821C2F4D-3669-46C6-BDC4-9D966ACB6378}.Debug|Any CPU.Build.0 = Debug|Any CPU
		{821C2F4D-3669-46C6-BDC4-9D966ACB6378}.Debug|x64.ActiveCfg = Debug|Any CPU
		{821C2F4D-3669-46C6-BDC4-9D966ACB6378}.Debug|x64.Build.0 = Debug|Any CPU
		{821C2F4D-3669-46C6-BDC4-9D966ACB6378}.Debug|x86.ActiveCfg = Debug|Any CPU
		{821C2F4D-3669-46C6-BDC4-9D966ACB6378}.Debug|x86.Build.0 = Debug|Any CPU
		{821C2F4D-3669-46C6-BDC4-9D966ACB6378}.Release|Any CPU.ActiveCfg = Release|Any CPU
		{821C2F4D-3669-46C6-BDC4-9D966ACB6378}.Release|Any CPU.Build.0 = Release|Any CPU
		{821C2F4D-3669-46C6-BDC4-9D966ACB6378}.Release|x64.ActiveCfg = Release|Any CPU
		{821C2F4D-3669-46C6-BDC4-9D966ACB6378}.Release|x64.Build.0 = Release|Any CPU
		{821C2F4D-3669-46C6-BDC4-9D966ACB6378}.Release|x86.ActiveCfg = Release|Any CPU
		{821C2F4D-3669-46C6-BDC4-9D966ACB6378}.Release|x86.Build.0 = Release|Any CPU
		{C5476824-F03F-4621-B408-10C3056B2B93}.Debug|Any CPU.ActiveCfg = Debug|Any CPU
		{C5476824-F03F-4621-B408-10C3056B2B93}.Debug|Any CPU.Build.0 = Debug|Any CPU
		{C5476824-F03F-4621-B408-10C3056B2B93}.Debug|x64.ActiveCfg = Debug|Any CPU
		{C5476824-F03F-4621-B408-10C3056B2B93}.Debug|x64.Build.0 = Debug|Any CPU
		{C5476824-F03F-4621-B408-10C3056B2B93}.Debug|x86.ActiveCfg = Debug|Any CPU
		{C5476824-F03F-4621-B408-10C3056B2B93}.Debug|x86.Build.0 = Debug|Any CPU
		{C5476824-F03F-4621-B408-10C3056B2B93}.Release|Any CPU.ActiveCfg = Release|Any CPU
		{C5476824-F03F-4621-B408-10C3056B2B93}.Release|Any CPU.Build.0 = Release|Any CPU
		{C5476824-F03F-4621-B408-10C3056B2B93}.Release|x64.ActiveCfg = Release|Any CPU
		{C5476824-F03F-4621-B408-10C3056B2B93}.Release|x64.Build.0 = Release|Any CPU
		{C5476824-F03F-4621-B408-10C3056B2B93}.Release|x86.ActiveCfg = Release|Any CPU
		{C5476824-F03F-4621-B408-10C3056B2B93}.Release|x86.Build.0 = Release|Any CPU
		{92896D9E-2BDF-4768-A8CB-E5ED949028A0}.Debug|Any CPU.ActiveCfg = Debug|Any CPU
		{92896D9E-2BDF-4768-A8CB-E5ED949028A0}.Debug|Any CPU.Build.0 = Debug|Any CPU
		{92896D9E-2BDF-4768-A8CB-E5ED949028A0}.Debug|x64.ActiveCfg = Debug|Any CPU
		{92896D9E-2BDF-4768-A8CB-E5ED949028A0}.Debug|x64.Build.0 = Debug|Any CPU
		{92896D9E-2BDF-4768-A8CB-E5ED949028A0}.Debug|x86.ActiveCfg = Debug|Any CPU
		{92896D9E-2BDF-4768-A8CB-E5ED949028A0}.Debug|x86.Build.0 = Debug|Any CPU
		{92896D9E-2BDF-4768-A8CB-E5ED949028A0}.Release|Any CPU.ActiveCfg = Release|Any CPU
		{92896D9E-2BDF-4768-A8CB-E5ED949028A0}.Release|Any CPU.Build.0 = Release|Any CPU
		{92896D9E-2BDF-4768-A8CB-E5ED949028A0}.Release|x64.ActiveCfg = Release|Any CPU
		{92896D9E-2BDF-4768-A8CB-E5ED949028A0}.Release|x64.Build.0 = Release|Any CPU
		{92896D9E-2BDF-4768-A8CB-E5ED949028A0}.Release|x86.ActiveCfg = Release|Any CPU
		{92896D9E-2BDF-4768-A8CB-E5ED949028A0}.Release|x86.Build.0 = Release|Any CPU
		{42FBEDB9-5D93-4911-AC20-9D73CA6D9272}.Debug|Any CPU.ActiveCfg = Debug|Any CPU
		{42FBEDB9-5D93-4911-AC20-9D73CA6D9272}.Debug|Any CPU.Build.0 = Debug|Any CPU
		{42FBEDB9-5D93-4911-AC20-9D73CA6D9272}.Debug|x64.ActiveCfg = Debug|Any CPU
		{42FBEDB9-5D93-4911-AC20-9D73CA6D9272}.Debug|x64.Build.0 = Debug|Any CPU
		{42FBEDB9-5D93-4911-AC20-9D73CA6D9272}.Debug|x86.ActiveCfg = Debug|Any CPU
		{42FBEDB9-5D93-4911-AC20-9D73CA6D9272}.Debug|x86.Build.0 = Debug|Any CPU
		{42FBEDB9-5D93-4911-AC20-9D73CA6D9272}.Release|Any CPU.ActiveCfg = Release|Any CPU
		{42FBEDB9-5D93-4911-AC20-9D73CA6D9272}.Release|Any CPU.Build.0 = Release|Any CPU
		{42FBEDB9-5D93-4911-AC20-9D73CA6D9272}.Release|x64.ActiveCfg = Release|Any CPU
		{42FBEDB9-5D93-4911-AC20-9D73CA6D9272}.Release|x64.Build.0 = Release|Any CPU
		{42FBEDB9-5D93-4911-AC20-9D73CA6D9272}.Release|x86.ActiveCfg = Release|Any CPU
		{42FBEDB9-5D93-4911-AC20-9D73CA6D9272}.Release|x86.Build.0 = Release|Any CPU
		{DC0308C9-2164-42D6-8210-972982706706}.Debug|Any CPU.ActiveCfg = Debug|Any CPU
		{DC0308C9-2164-42D6-8210-972982706706}.Debug|Any CPU.Build.0 = Debug|Any CPU
		{DC0308C9-2164-42D6-8210-972982706706}.Debug|x64.ActiveCfg = Debug|Any CPU
		{DC0308C9-2164-42D6-8210-972982706706}.Debug|x64.Build.0 = Debug|Any CPU
		{DC0308C9-2164-42D6-8210-972982706706}.Debug|x86.ActiveCfg = Debug|Any CPU
		{DC0308C9-2164-42D6-8210-972982706706}.Debug|x86.Build.0 = Debug|Any CPU
		{DC0308C9-2164-42D6-8210-972982706706}.Release|Any CPU.ActiveCfg = Release|Any CPU
		{DC0308C9-2164-42D6-8210-972982706706}.Release|Any CPU.Build.0 = Release|Any CPU
		{DC0308C9-2164-42D6-8210-972982706706}.Release|x64.ActiveCfg = Release|Any CPU
		{DC0308C9-2164-42D6-8210-972982706706}.Release|x64.Build.0 = Release|Any CPU
		{DC0308C9-2164-42D6-8210-972982706706}.Release|x86.ActiveCfg = Release|Any CPU
		{DC0308C9-2164-42D6-8210-972982706706}.Release|x86.Build.0 = Release|Any CPU
		{DA53E9D8-F0BF-4597-BC2D-1966662260B3}.Debug|Any CPU.ActiveCfg = Debug|Any CPU
		{DA53E9D8-F0BF-4597-BC2D-1966662260B3}.Debug|Any CPU.Build.0 = Debug|Any CPU
		{DA53E9D8-F0BF-4597-BC2D-1966662260B3}.Debug|x64.ActiveCfg = Debug|Any CPU
		{DA53E9D8-F0BF-4597-BC2D-1966662260B3}.Debug|x64.Build.0 = Debug|Any CPU
		{DA53E9D8-F0BF-4597-BC2D-1966662260B3}.Debug|x86.ActiveCfg = Debug|Any CPU
		{DA53E9D8-F0BF-4597-BC2D-1966662260B3}.Debug|x86.Build.0 = Debug|Any CPU
		{DA53E9D8-F0BF-4597-BC2D-1966662260B3}.Release|Any CPU.ActiveCfg = Release|Any CPU
		{DA53E9D8-F0BF-4597-BC2D-1966662260B3}.Release|Any CPU.Build.0 = Release|Any CPU
		{DA53E9D8-F0BF-4597-BC2D-1966662260B3}.Release|x64.ActiveCfg = Release|Any CPU
		{DA53E9D8-F0BF-4597-BC2D-1966662260B3}.Release|x64.Build.0 = Release|Any CPU
		{DA53E9D8-F0BF-4597-BC2D-1966662260B3}.Release|x86.ActiveCfg = Release|Any CPU
		{DA53E9D8-F0BF-4597-BC2D-1966662260B3}.Release|x86.Build.0 = Release|Any CPU
		{11A63780-60C2-46FE-AD54-16189C0660C5}.Debug|Any CPU.ActiveCfg = Debug|Any CPU
		{11A63780-60C2-46FE-AD54-16189C0660C5}.Debug|Any CPU.Build.0 = Debug|Any CPU
		{11A63780-60C2-46FE-AD54-16189C0660C5}.Debug|x64.ActiveCfg = Debug|Any CPU
		{11A63780-60C2-46FE-AD54-16189C0660C5}.Debug|x64.Build.0 = Debug|Any CPU
		{11A63780-60C2-46FE-AD54-16189C0660C5}.Debug|x86.ActiveCfg = Debug|Any CPU
		{11A63780-60C2-46FE-AD54-16189C0660C5}.Debug|x86.Build.0 = Debug|Any CPU
		{11A63780-60C2-46FE-AD54-16189C0660C5}.Release|Any CPU.ActiveCfg = Release|Any CPU
		{11A63780-60C2-46FE-AD54-16189C0660C5}.Release|Any CPU.Build.0 = Release|Any CPU
		{11A63780-60C2-46FE-AD54-16189C0660C5}.Release|x64.ActiveCfg = Release|Any CPU
		{11A63780-60C2-46FE-AD54-16189C0660C5}.Release|x64.Build.0 = Release|Any CPU
		{11A63780-60C2-46FE-AD54-16189C0660C5}.Release|x86.ActiveCfg = Release|Any CPU
		{11A63780-60C2-46FE-AD54-16189C0660C5}.Release|x86.Build.0 = Release|Any CPU
		{44DC5280-469B-4C43-A448-49B9210A50C4}.Debug|Any CPU.ActiveCfg = Debug|Any CPU
		{44DC5280-469B-4C43-A448-49B9210A50C4}.Debug|Any CPU.Build.0 = Debug|Any CPU
		{44DC5280-469B-4C43-A448-49B9210A50C4}.Debug|x64.ActiveCfg = Debug|Any CPU
		{44DC5280-469B-4C43-A448-49B9210A50C4}.Debug|x64.Build.0 = Debug|Any CPU
		{44DC5280-469B-4C43-A448-49B9210A50C4}.Debug|x86.ActiveCfg = Debug|Any CPU
		{44DC5280-469B-4C43-A448-49B9210A50C4}.Debug|x86.Build.0 = Debug|Any CPU
		{44DC5280-469B-4C43-A448-49B9210A50C4}.Release|Any CPU.ActiveCfg = Release|Any CPU
		{44DC5280-469B-4C43-A448-49B9210A50C4}.Release|Any CPU.Build.0 = Release|Any CPU
		{44DC5280-469B-4C43-A448-49B9210A50C4}.Release|x64.ActiveCfg = Release|Any CPU
		{44DC5280-469B-4C43-A448-49B9210A50C4}.Release|x64.Build.0 = Release|Any CPU
		{44DC5280-469B-4C43-A448-49B9210A50C4}.Release|x86.ActiveCfg = Release|Any CPU
		{44DC5280-469B-4C43-A448-49B9210A50C4}.Release|x86.Build.0 = Release|Any CPU
		{4FADA718-7EAE-4782-84D7-6EC1F647DADB}.Debug|Any CPU.ActiveCfg = Debug|Any CPU
		{4FADA718-7EAE-4782-84D7-6EC1F647DADB}.Debug|Any CPU.Build.0 = Debug|Any CPU
		{4FADA718-7EAE-4782-84D7-6EC1F647DADB}.Debug|x64.ActiveCfg = Debug|Any CPU
		{4FADA718-7EAE-4782-84D7-6EC1F647DADB}.Debug|x64.Build.0 = Debug|Any CPU
		{4FADA718-7EAE-4782-84D7-6EC1F647DADB}.Debug|x86.ActiveCfg = Debug|Any CPU
		{4FADA718-7EAE-4782-84D7-6EC1F647DADB}.Debug|x86.Build.0 = Debug|Any CPU
		{4FADA718-7EAE-4782-84D7-6EC1F647DADB}.Release|Any CPU.ActiveCfg = Release|Any CPU
		{4FADA718-7EAE-4782-84D7-6EC1F647DADB}.Release|Any CPU.Build.0 = Release|Any CPU
		{4FADA718-7EAE-4782-84D7-6EC1F647DADB}.Release|x64.ActiveCfg = Release|Any CPU
		{4FADA718-7EAE-4782-84D7-6EC1F647DADB}.Release|x64.Build.0 = Release|Any CPU
		{4FADA718-7EAE-4782-84D7-6EC1F647DADB}.Release|x86.ActiveCfg = Release|Any CPU
		{4FADA718-7EAE-4782-84D7-6EC1F647DADB}.Release|x86.Build.0 = Release|Any CPU
		{386E1367-040F-4B26-B19F-F5DCB7EBC6A3}.Debug|Any CPU.ActiveCfg = Debug|Any CPU
		{386E1367-040F-4B26-B19F-F5DCB7EBC6A3}.Debug|Any CPU.Build.0 = Debug|Any CPU
		{386E1367-040F-4B26-B19F-F5DCB7EBC6A3}.Debug|x64.ActiveCfg = Debug|Any CPU
		{386E1367-040F-4B26-B19F-F5DCB7EBC6A3}.Debug|x64.Build.0 = Debug|Any CPU
		{386E1367-040F-4B26-B19F-F5DCB7EBC6A3}.Debug|x86.ActiveCfg = Debug|Any CPU
		{386E1367-040F-4B26-B19F-F5DCB7EBC6A3}.Debug|x86.Build.0 = Debug|Any CPU
		{386E1367-040F-4B26-B19F-F5DCB7EBC6A3}.Release|Any CPU.ActiveCfg = Release|Any CPU
		{386E1367-040F-4B26-B19F-F5DCB7EBC6A3}.Release|Any CPU.Build.0 = Release|Any CPU
		{386E1367-040F-4B26-B19F-F5DCB7EBC6A3}.Release|x64.ActiveCfg = Release|Any CPU
		{386E1367-040F-4B26-B19F-F5DCB7EBC6A3}.Release|x64.Build.0 = Release|Any CPU
		{386E1367-040F-4B26-B19F-F5DCB7EBC6A3}.Release|x86.ActiveCfg = Release|Any CPU
		{386E1367-040F-4B26-B19F-F5DCB7EBC6A3}.Release|x86.Build.0 = Release|Any CPU
		{56613CC3-1227-4B0E-A72D-12B955655C44}.Debug|Any CPU.ActiveCfg = Debug|Any CPU
		{56613CC3-1227-4B0E-A72D-12B955655C44}.Debug|Any CPU.Build.0 = Debug|Any CPU
		{56613CC3-1227-4B0E-A72D-12B955655C44}.Debug|x64.ActiveCfg = Debug|Any CPU
		{56613CC3-1227-4B0E-A72D-12B955655C44}.Debug|x64.Build.0 = Debug|Any CPU
		{56613CC3-1227-4B0E-A72D-12B955655C44}.Debug|x86.ActiveCfg = Debug|Any CPU
		{56613CC3-1227-4B0E-A72D-12B955655C44}.Debug|x86.Build.0 = Debug|Any CPU
		{56613CC3-1227-4B0E-A72D-12B955655C44}.Release|Any CPU.ActiveCfg = Release|Any CPU
		{56613CC3-1227-4B0E-A72D-12B955655C44}.Release|Any CPU.Build.0 = Release|Any CPU
		{56613CC3-1227-4B0E-A72D-12B955655C44}.Release|x64.ActiveCfg = Release|Any CPU
		{56613CC3-1227-4B0E-A72D-12B955655C44}.Release|x64.Build.0 = Release|Any CPU
		{56613CC3-1227-4B0E-A72D-12B955655C44}.Release|x86.ActiveCfg = Release|Any CPU
		{56613CC3-1227-4B0E-A72D-12B955655C44}.Release|x86.Build.0 = Release|Any CPU
		{ABB4F1B6-59A8-4004-AB2E-2874E78DAEB6}.Debug|Any CPU.ActiveCfg = Debug|Any CPU
		{ABB4F1B6-59A8-4004-AB2E-2874E78DAEB6}.Debug|Any CPU.Build.0 = Debug|Any CPU
		{ABB4F1B6-59A8-4004-AB2E-2874E78DAEB6}.Debug|x64.ActiveCfg = Debug|Any CPU
		{ABB4F1B6-59A8-4004-AB2E-2874E78DAEB6}.Debug|x64.Build.0 = Debug|Any CPU
		{ABB4F1B6-59A8-4004-AB2E-2874E78DAEB6}.Debug|x86.ActiveCfg = Debug|Any CPU
		{ABB4F1B6-59A8-4004-AB2E-2874E78DAEB6}.Debug|x86.Build.0 = Debug|Any CPU
		{ABB4F1B6-59A8-4004-AB2E-2874E78DAEB6}.Release|Any CPU.ActiveCfg = Release|Any CPU
		{ABB4F1B6-59A8-4004-AB2E-2874E78DAEB6}.Release|Any CPU.Build.0 = Release|Any CPU
		{ABB4F1B6-59A8-4004-AB2E-2874E78DAEB6}.Release|x64.ActiveCfg = Release|Any CPU
		{ABB4F1B6-59A8-4004-AB2E-2874E78DAEB6}.Release|x64.Build.0 = Release|Any CPU
		{ABB4F1B6-59A8-4004-AB2E-2874E78DAEB6}.Release|x86.ActiveCfg = Release|Any CPU
		{ABB4F1B6-59A8-4004-AB2E-2874E78DAEB6}.Release|x86.Build.0 = Release|Any CPU
		{7BDAB91A-07B7-4E9F-9BC7-AB88481C34E8}.Debug|Any CPU.ActiveCfg = Debug|Any CPU
		{7BDAB91A-07B7-4E9F-9BC7-AB88481C34E8}.Debug|Any CPU.Build.0 = Debug|Any CPU
		{7BDAB91A-07B7-4E9F-9BC7-AB88481C34E8}.Debug|x64.ActiveCfg = Debug|Any CPU
		{7BDAB91A-07B7-4E9F-9BC7-AB88481C34E8}.Debug|x64.Build.0 = Debug|Any CPU
		{7BDAB91A-07B7-4E9F-9BC7-AB88481C34E8}.Debug|x86.ActiveCfg = Debug|Any CPU
		{7BDAB91A-07B7-4E9F-9BC7-AB88481C34E8}.Debug|x86.Build.0 = Debug|Any CPU
		{7BDAB91A-07B7-4E9F-9BC7-AB88481C34E8}.Release|Any CPU.ActiveCfg = Release|Any CPU
		{7BDAB91A-07B7-4E9F-9BC7-AB88481C34E8}.Release|Any CPU.Build.0 = Release|Any CPU
		{7BDAB91A-07B7-4E9F-9BC7-AB88481C34E8}.Release|x64.ActiveCfg = Release|Any CPU
		{7BDAB91A-07B7-4E9F-9BC7-AB88481C34E8}.Release|x64.Build.0 = Release|Any CPU
		{7BDAB91A-07B7-4E9F-9BC7-AB88481C34E8}.Release|x86.ActiveCfg = Release|Any CPU
		{7BDAB91A-07B7-4E9F-9BC7-AB88481C34E8}.Release|x86.Build.0 = Release|Any CPU
		{96195D7B-4E5E-41C6-A472-3737660E5AF4}.Debug|Any CPU.ActiveCfg = Debug|Any CPU
		{96195D7B-4E5E-41C6-A472-3737660E5AF4}.Debug|Any CPU.Build.0 = Debug|Any CPU
		{96195D7B-4E5E-41C6-A472-3737660E5AF4}.Debug|x64.ActiveCfg = Debug|Any CPU
		{96195D7B-4E5E-41C6-A472-3737660E5AF4}.Debug|x64.Build.0 = Debug|Any CPU
		{96195D7B-4E5E-41C6-A472-3737660E5AF4}.Debug|x86.ActiveCfg = Debug|Any CPU
		{96195D7B-4E5E-41C6-A472-3737660E5AF4}.Debug|x86.Build.0 = Debug|Any CPU
		{96195D7B-4E5E-41C6-A472-3737660E5AF4}.Release|Any CPU.ActiveCfg = Release|Any CPU
		{96195D7B-4E5E-41C6-A472-3737660E5AF4}.Release|Any CPU.Build.0 = Release|Any CPU
		{96195D7B-4E5E-41C6-A472-3737660E5AF4}.Release|x64.ActiveCfg = Release|Any CPU
		{96195D7B-4E5E-41C6-A472-3737660E5AF4}.Release|x64.Build.0 = Release|Any CPU
		{96195D7B-4E5E-41C6-A472-3737660E5AF4}.Release|x86.ActiveCfg = Release|Any CPU
		{96195D7B-4E5E-41C6-A472-3737660E5AF4}.Release|x86.Build.0 = Release|Any CPU
		{0640DC9B-FEE7-4303-9337-D672CF4CB90B}.Debug|Any CPU.ActiveCfg = Debug|Any CPU
		{0640DC9B-FEE7-4303-9337-D672CF4CB90B}.Debug|Any CPU.Build.0 = Debug|Any CPU
		{0640DC9B-FEE7-4303-9337-D672CF4CB90B}.Debug|x64.ActiveCfg = Debug|Any CPU
		{0640DC9B-FEE7-4303-9337-D672CF4CB90B}.Debug|x64.Build.0 = Debug|Any CPU
		{0640DC9B-FEE7-4303-9337-D672CF4CB90B}.Debug|x86.ActiveCfg = Debug|Any CPU
		{0640DC9B-FEE7-4303-9337-D672CF4CB90B}.Debug|x86.Build.0 = Debug|Any CPU
		{0640DC9B-FEE7-4303-9337-D672CF4CB90B}.Release|Any CPU.ActiveCfg = Release|Any CPU
		{0640DC9B-FEE7-4303-9337-D672CF4CB90B}.Release|Any CPU.Build.0 = Release|Any CPU
		{0640DC9B-FEE7-4303-9337-D672CF4CB90B}.Release|x64.ActiveCfg = Release|Any CPU
		{0640DC9B-FEE7-4303-9337-D672CF4CB90B}.Release|x64.Build.0 = Release|Any CPU
		{0640DC9B-FEE7-4303-9337-D672CF4CB90B}.Release|x86.ActiveCfg = Release|Any CPU
		{0640DC9B-FEE7-4303-9337-D672CF4CB90B}.Release|x86.Build.0 = Release|Any CPU
		{3CA2997A-EE9E-426A-B0AD-EBB9FA4DF853}.Debug|Any CPU.ActiveCfg = Debug|Any CPU
		{3CA2997A-EE9E-426A-B0AD-EBB9FA4DF853}.Debug|Any CPU.Build.0 = Debug|Any CPU
		{3CA2997A-EE9E-426A-B0AD-EBB9FA4DF853}.Debug|x64.ActiveCfg = Debug|Any CPU
		{3CA2997A-EE9E-426A-B0AD-EBB9FA4DF853}.Debug|x64.Build.0 = Debug|Any CPU
		{3CA2997A-EE9E-426A-B0AD-EBB9FA4DF853}.Debug|x86.ActiveCfg = Debug|Any CPU
		{3CA2997A-EE9E-426A-B0AD-EBB9FA4DF853}.Debug|x86.Build.0 = Debug|Any CPU
		{3CA2997A-EE9E-426A-B0AD-EBB9FA4DF853}.Release|Any CPU.ActiveCfg = Release|Any CPU
		{3CA2997A-EE9E-426A-B0AD-EBB9FA4DF853}.Release|Any CPU.Build.0 = Release|Any CPU
		{3CA2997A-EE9E-426A-B0AD-EBB9FA4DF853}.Release|x64.ActiveCfg = Release|Any CPU
		{3CA2997A-EE9E-426A-B0AD-EBB9FA4DF853}.Release|x64.Build.0 = Release|Any CPU
		{3CA2997A-EE9E-426A-B0AD-EBB9FA4DF853}.Release|x86.ActiveCfg = Release|Any CPU
		{3CA2997A-EE9E-426A-B0AD-EBB9FA4DF853}.Release|x86.Build.0 = Release|Any CPU
		{ACF511B1-3A57-4BCA-89EA-8BE20FE7950D}.Debug|Any CPU.ActiveCfg = Debug|Any CPU
		{ACF511B1-3A57-4BCA-89EA-8BE20FE7950D}.Debug|Any CPU.Build.0 = Debug|Any CPU
		{ACF511B1-3A57-4BCA-89EA-8BE20FE7950D}.Debug|x64.ActiveCfg = Debug|Any CPU
		{ACF511B1-3A57-4BCA-89EA-8BE20FE7950D}.Debug|x64.Build.0 = Debug|Any CPU
		{ACF511B1-3A57-4BCA-89EA-8BE20FE7950D}.Debug|x86.ActiveCfg = Debug|Any CPU
		{ACF511B1-3A57-4BCA-89EA-8BE20FE7950D}.Debug|x86.Build.0 = Debug|Any CPU
		{ACF511B1-3A57-4BCA-89EA-8BE20FE7950D}.Release|Any CPU.ActiveCfg = Release|Any CPU
		{ACF511B1-3A57-4BCA-89EA-8BE20FE7950D}.Release|Any CPU.Build.0 = Release|Any CPU
		{ACF511B1-3A57-4BCA-89EA-8BE20FE7950D}.Release|x64.ActiveCfg = Release|Any CPU
		{ACF511B1-3A57-4BCA-89EA-8BE20FE7950D}.Release|x64.Build.0 = Release|Any CPU
		{ACF511B1-3A57-4BCA-89EA-8BE20FE7950D}.Release|x86.ActiveCfg = Release|Any CPU
		{ACF511B1-3A57-4BCA-89EA-8BE20FE7950D}.Release|x86.Build.0 = Release|Any CPU
		{E1E2015D-0B06-40AE-9014-6C00EF4F0179}.Debug|Any CPU.ActiveCfg = Debug|Any CPU
		{E1E2015D-0B06-40AE-9014-6C00EF4F0179}.Debug|Any CPU.Build.0 = Debug|Any CPU
		{E1E2015D-0B06-40AE-9014-6C00EF4F0179}.Debug|x64.ActiveCfg = Debug|Any CPU
		{E1E2015D-0B06-40AE-9014-6C00EF4F0179}.Debug|x64.Build.0 = Debug|Any CPU
		{E1E2015D-0B06-40AE-9014-6C00EF4F0179}.Debug|x86.ActiveCfg = Debug|Any CPU
		{E1E2015D-0B06-40AE-9014-6C00EF4F0179}.Debug|x86.Build.0 = Debug|Any CPU
		{E1E2015D-0B06-40AE-9014-6C00EF4F0179}.Release|Any CPU.ActiveCfg = Release|Any CPU
		{E1E2015D-0B06-40AE-9014-6C00EF4F0179}.Release|Any CPU.Build.0 = Release|Any CPU
		{E1E2015D-0B06-40AE-9014-6C00EF4F0179}.Release|x64.ActiveCfg = Release|Any CPU
		{E1E2015D-0B06-40AE-9014-6C00EF4F0179}.Release|x64.Build.0 = Release|Any CPU
		{E1E2015D-0B06-40AE-9014-6C00EF4F0179}.Release|x86.ActiveCfg = Release|Any CPU
		{E1E2015D-0B06-40AE-9014-6C00EF4F0179}.Release|x86.Build.0 = Release|Any CPU
		{14CCEA44-FA27-41A5-89B2-5BB6B510963D}.Debug|Any CPU.ActiveCfg = Debug|Any CPU
		{14CCEA44-FA27-41A5-89B2-5BB6B510963D}.Debug|Any CPU.Build.0 = Debug|Any CPU
		{14CCEA44-FA27-41A5-89B2-5BB6B510963D}.Debug|x64.ActiveCfg = Debug|Any CPU
		{14CCEA44-FA27-41A5-89B2-5BB6B510963D}.Debug|x64.Build.0 = Debug|Any CPU
		{14CCEA44-FA27-41A5-89B2-5BB6B510963D}.Debug|x86.ActiveCfg = Debug|Any CPU
		{14CCEA44-FA27-41A5-89B2-5BB6B510963D}.Debug|x86.Build.0 = Debug|Any CPU
		{14CCEA44-FA27-41A5-89B2-5BB6B510963D}.Release|Any CPU.ActiveCfg = Release|Any CPU
		{14CCEA44-FA27-41A5-89B2-5BB6B510963D}.Release|Any CPU.Build.0 = Release|Any CPU
		{14CCEA44-FA27-41A5-89B2-5BB6B510963D}.Release|x64.ActiveCfg = Release|Any CPU
		{14CCEA44-FA27-41A5-89B2-5BB6B510963D}.Release|x64.Build.0 = Release|Any CPU
		{14CCEA44-FA27-41A5-89B2-5BB6B510963D}.Release|x86.ActiveCfg = Release|Any CPU
		{14CCEA44-FA27-41A5-89B2-5BB6B510963D}.Release|x86.Build.0 = Release|Any CPU
		{8FBBDC6E-F2B1-4283-BB97-8989FC04567E}.Debug|Any CPU.ActiveCfg = Debug|Any CPU
		{8FBBDC6E-F2B1-4283-BB97-8989FC04567E}.Debug|Any CPU.Build.0 = Debug|Any CPU
		{8FBBDC6E-F2B1-4283-BB97-8989FC04567E}.Debug|x64.ActiveCfg = Debug|Any CPU
		{8FBBDC6E-F2B1-4283-BB97-8989FC04567E}.Debug|x64.Build.0 = Debug|Any CPU
		{8FBBDC6E-F2B1-4283-BB97-8989FC04567E}.Debug|x86.ActiveCfg = Debug|Any CPU
		{8FBBDC6E-F2B1-4283-BB97-8989FC04567E}.Debug|x86.Build.0 = Debug|Any CPU
		{8FBBDC6E-F2B1-4283-BB97-8989FC04567E}.Release|Any CPU.ActiveCfg = Release|Any CPU
		{8FBBDC6E-F2B1-4283-BB97-8989FC04567E}.Release|Any CPU.Build.0 = Release|Any CPU
		{8FBBDC6E-F2B1-4283-BB97-8989FC04567E}.Release|x64.ActiveCfg = Release|Any CPU
		{8FBBDC6E-F2B1-4283-BB97-8989FC04567E}.Release|x64.Build.0 = Release|Any CPU
		{8FBBDC6E-F2B1-4283-BB97-8989FC04567E}.Release|x86.ActiveCfg = Release|Any CPU
		{8FBBDC6E-F2B1-4283-BB97-8989FC04567E}.Release|x86.Build.0 = Release|Any CPU
		{E638F261-98A3-49BD-BEF9-230AA29F9B76}.Debug|Any CPU.ActiveCfg = Debug|Any CPU
		{E638F261-98A3-49BD-BEF9-230AA29F9B76}.Debug|Any CPU.Build.0 = Debug|Any CPU
		{E638F261-98A3-49BD-BEF9-230AA29F9B76}.Debug|x64.ActiveCfg = Debug|Any CPU
		{E638F261-98A3-49BD-BEF9-230AA29F9B76}.Debug|x64.Build.0 = Debug|Any CPU
		{E638F261-98A3-49BD-BEF9-230AA29F9B76}.Debug|x86.ActiveCfg = Debug|Any CPU
		{E638F261-98A3-49BD-BEF9-230AA29F9B76}.Debug|x86.Build.0 = Debug|Any CPU
		{E638F261-98A3-49BD-BEF9-230AA29F9B76}.Release|Any CPU.ActiveCfg = Release|Any CPU
		{E638F261-98A3-49BD-BEF9-230AA29F9B76}.Release|Any CPU.Build.0 = Release|Any CPU
		{E638F261-98A3-49BD-BEF9-230AA29F9B76}.Release|x64.ActiveCfg = Release|Any CPU
		{E638F261-98A3-49BD-BEF9-230AA29F9B76}.Release|x64.Build.0 = Release|Any CPU
		{E638F261-98A3-49BD-BEF9-230AA29F9B76}.Release|x86.ActiveCfg = Release|Any CPU
		{E638F261-98A3-49BD-BEF9-230AA29F9B76}.Release|x86.Build.0 = Release|Any CPU
		{1B497BEB-26EF-4720-8A33-B4D657870D93}.Debug|Any CPU.ActiveCfg = Debug|Any CPU
		{1B497BEB-26EF-4720-8A33-B4D657870D93}.Debug|Any CPU.Build.0 = Debug|Any CPU
		{1B497BEB-26EF-4720-8A33-B4D657870D93}.Debug|x64.ActiveCfg = Debug|Any CPU
		{1B497BEB-26EF-4720-8A33-B4D657870D93}.Debug|x64.Build.0 = Debug|Any CPU
		{1B497BEB-26EF-4720-8A33-B4D657870D93}.Debug|x86.ActiveCfg = Debug|Any CPU
		{1B497BEB-26EF-4720-8A33-B4D657870D93}.Debug|x86.Build.0 = Debug|Any CPU
		{1B497BEB-26EF-4720-8A33-B4D657870D93}.Release|Any CPU.ActiveCfg = Release|Any CPU
		{1B497BEB-26EF-4720-8A33-B4D657870D93}.Release|Any CPU.Build.0 = Release|Any CPU
		{1B497BEB-26EF-4720-8A33-B4D657870D93}.Release|x64.ActiveCfg = Release|Any CPU
		{1B497BEB-26EF-4720-8A33-B4D657870D93}.Release|x64.Build.0 = Release|Any CPU
		{1B497BEB-26EF-4720-8A33-B4D657870D93}.Release|x86.ActiveCfg = Release|Any CPU
		{1B497BEB-26EF-4720-8A33-B4D657870D93}.Release|x86.Build.0 = Release|Any CPU
		{8B46BD03-30B5-441A-A80E-F8D8A4B41532}.Debug|Any CPU.ActiveCfg = Debug|Any CPU
		{8B46BD03-30B5-441A-A80E-F8D8A4B41532}.Debug|Any CPU.Build.0 = Debug|Any CPU
		{8B46BD03-30B5-441A-A80E-F8D8A4B41532}.Debug|x64.ActiveCfg = Debug|Any CPU
		{8B46BD03-30B5-441A-A80E-F8D8A4B41532}.Debug|x64.Build.0 = Debug|Any CPU
		{8B46BD03-30B5-441A-A80E-F8D8A4B41532}.Debug|x86.ActiveCfg = Debug|Any CPU
		{8B46BD03-30B5-441A-A80E-F8D8A4B41532}.Debug|x86.Build.0 = Debug|Any CPU
		{8B46BD03-30B5-441A-A80E-F8D8A4B41532}.Release|Any CPU.ActiveCfg = Release|Any CPU
		{8B46BD03-30B5-441A-A80E-F8D8A4B41532}.Release|Any CPU.Build.0 = Release|Any CPU
		{8B46BD03-30B5-441A-A80E-F8D8A4B41532}.Release|x64.ActiveCfg = Release|Any CPU
		{8B46BD03-30B5-441A-A80E-F8D8A4B41532}.Release|x64.Build.0 = Release|Any CPU
		{8B46BD03-30B5-441A-A80E-F8D8A4B41532}.Release|x86.ActiveCfg = Release|Any CPU
		{8B46BD03-30B5-441A-A80E-F8D8A4B41532}.Release|x86.Build.0 = Release|Any CPU
		{EE89F87B-F8CD-4A22-A323-BDB2381AF67D}.Debug|Any CPU.ActiveCfg = Debug|Any CPU
		{EE89F87B-F8CD-4A22-A323-BDB2381AF67D}.Debug|Any CPU.Build.0 = Debug|Any CPU
		{EE89F87B-F8CD-4A22-A323-BDB2381AF67D}.Debug|x64.ActiveCfg = Debug|Any CPU
		{EE89F87B-F8CD-4A22-A323-BDB2381AF67D}.Debug|x64.Build.0 = Debug|Any CPU
		{EE89F87B-F8CD-4A22-A323-BDB2381AF67D}.Debug|x86.ActiveCfg = Debug|Any CPU
		{EE89F87B-F8CD-4A22-A323-BDB2381AF67D}.Debug|x86.Build.0 = Debug|Any CPU
		{EE89F87B-F8CD-4A22-A323-BDB2381AF67D}.Release|Any CPU.ActiveCfg = Release|Any CPU
		{EE89F87B-F8CD-4A22-A323-BDB2381AF67D}.Release|Any CPU.Build.0 = Release|Any CPU
		{EE89F87B-F8CD-4A22-A323-BDB2381AF67D}.Release|x64.ActiveCfg = Release|Any CPU
		{EE89F87B-F8CD-4A22-A323-BDB2381AF67D}.Release|x64.Build.0 = Release|Any CPU
		{EE89F87B-F8CD-4A22-A323-BDB2381AF67D}.Release|x86.ActiveCfg = Release|Any CPU
		{EE89F87B-F8CD-4A22-A323-BDB2381AF67D}.Release|x86.Build.0 = Release|Any CPU
		{705D74FB-1657-4D3F-9815-A0A41BA085A3}.Debug|Any CPU.ActiveCfg = Debug|Any CPU
		{705D74FB-1657-4D3F-9815-A0A41BA085A3}.Debug|Any CPU.Build.0 = Debug|Any CPU
		{705D74FB-1657-4D3F-9815-A0A41BA085A3}.Debug|x64.ActiveCfg = Debug|Any CPU
		{705D74FB-1657-4D3F-9815-A0A41BA085A3}.Debug|x64.Build.0 = Debug|Any CPU
		{705D74FB-1657-4D3F-9815-A0A41BA085A3}.Debug|x86.ActiveCfg = Debug|Any CPU
		{705D74FB-1657-4D3F-9815-A0A41BA085A3}.Debug|x86.Build.0 = Debug|Any CPU
		{705D74FB-1657-4D3F-9815-A0A41BA085A3}.Release|Any CPU.ActiveCfg = Release|Any CPU
		{705D74FB-1657-4D3F-9815-A0A41BA085A3}.Release|Any CPU.Build.0 = Release|Any CPU
		{705D74FB-1657-4D3F-9815-A0A41BA085A3}.Release|x64.ActiveCfg = Release|Any CPU
		{705D74FB-1657-4D3F-9815-A0A41BA085A3}.Release|x64.Build.0 = Release|Any CPU
		{705D74FB-1657-4D3F-9815-A0A41BA085A3}.Release|x86.ActiveCfg = Release|Any CPU
		{705D74FB-1657-4D3F-9815-A0A41BA085A3}.Release|x86.Build.0 = Release|Any CPU
	EndGlobalSection
	GlobalSection(SolutionProperties) = preSolution
		HideSolutionNode = FALSE
	EndGlobalSection
	GlobalSection(ExtensibilityGlobals) = postSolution
		SolutionGuid = {44AA2099-C5F4-415C-83BE-BFFB92C96B39}
	EndGlobalSection
EndGlobal
